// !$*UTF8*$!
{
	archiveVersion = 1;
	classes = {
	};
	objectVersion = 55;
	objects = {

/* Begin PBXBuildFile section */
		E14E60D926F2AAFB00385A2E /* Network.swift in Sources */ = {isa = PBXBuildFile; fileRef = E14E60D826F2AAFB00385A2E /* Network.swift */; };
		E14E60DB26F2AD0200385A2E /* Post.swift in Sources */ = {isa = PBXBuildFile; fileRef = E14E60DA26F2AD0200385A2E /* Post.swift */; };
		E1540C83270E232400065DB9 /* testeDelegatesTests.swift in Sources */ = {isa = PBXBuildFile; fileRef = E1540C82270E232400065DB9 /* testeDelegatesTests.swift */; };
		E176A6E926EAA668005E0220 /* AppDelegate.swift in Sources */ = {isa = PBXBuildFile; fileRef = E176A6E826EAA668005E0220 /* AppDelegate.swift */; };
		E176A6EB26EAA668005E0220 /* SceneDelegate.swift in Sources */ = {isa = PBXBuildFile; fileRef = E176A6EA26EAA668005E0220 /* SceneDelegate.swift */; };
		E176A6F026EAA668005E0220 /* Main.storyboard in Resources */ = {isa = PBXBuildFile; fileRef = E176A6EE26EAA668005E0220 /* Main.storyboard */; };
		E176A6F226EAA66F005E0220 /* Assets.xcassets in Resources */ = {isa = PBXBuildFile; fileRef = E176A6F126EAA66F005E0220 /* Assets.xcassets */; };
		E176A6F526EAA66F005E0220 /* LaunchScreen.storyboard in Resources */ = {isa = PBXBuildFile; fileRef = E176A6F326EAA66F005E0220 /* LaunchScreen.storyboard */; };
		E176A6FD26EAAC5E005E0220 /* CountriesTableViewController.swift in Sources */ = {isa = PBXBuildFile; fileRef = E176A6FC26EAAC5E005E0220 /* CountriesTableViewController.swift */; };
		E176A70126ED0ADE005E0220 /* ServerData.swift in Sources */ = {isa = PBXBuildFile; fileRef = E176A70026ED0ADE005E0220 /* ServerData.swift */; };
		E176A70326F01D72005E0220 /* Interactor.swift in Sources */ = {isa = PBXBuildFile; fileRef = E176A70226F01D72005E0220 /* Interactor.swift */; };
		E176A70526F024FC005E0220 /* Presenter.swift in Sources */ = {isa = PBXBuildFile; fileRef = E176A70426F024FC005E0220 /* Presenter.swift */; };
		E176A70726F026B6005E0220 /* Router.swift in Sources */ = {isa = PBXBuildFile; fileRef = E176A70626F026B6005E0220 /* Router.swift */; };
/* End PBXBuildFile section */

/* Begin PBXContainerItemProxy section */
		E1540C84270E232400065DB9 /* PBXContainerItemProxy */ = {
			isa = PBXContainerItemProxy;
			containerPortal = E176A6DD26EAA668005E0220 /* Project object */;
			proxyType = 1;
			remoteGlobalIDString = E176A6E426EAA668005E0220;
			remoteInfo = testeDelegates;
		};
/* End PBXContainerItemProxy section */

/* Begin PBXFileReference section */
		E14E60D826F2AAFB00385A2E /* Network.swift */ = {isa = PBXFileReference; lastKnownFileType = sourcecode.swift; path = Network.swift; sourceTree = "<group>"; };
		E14E60DA26F2AD0200385A2E /* Post.swift */ = {isa = PBXFileReference; lastKnownFileType = sourcecode.swift; path = Post.swift; sourceTree = "<group>"; };
		E1540C80270E232400065DB9 /* testeDelegatesTests.xctest */ = {isa = PBXFileReference; explicitFileType = wrapper.cfbundle; includeInIndex = 0; path = testeDelegatesTests.xctest; sourceTree = BUILT_PRODUCTS_DIR; };
		E1540C82270E232400065DB9 /* testeDelegatesTests.swift */ = {isa = PBXFileReference; lastKnownFileType = sourcecode.swift; path = testeDelegatesTests.swift; sourceTree = "<group>"; };
		E176A6E526EAA668005E0220 /* testeDelegates.app */ = {isa = PBXFileReference; explicitFileType = wrapper.application; includeInIndex = 0; path = testeDelegates.app; sourceTree = BUILT_PRODUCTS_DIR; };
		E176A6E826EAA668005E0220 /* AppDelegate.swift */ = {isa = PBXFileReference; lastKnownFileType = sourcecode.swift; path = AppDelegate.swift; sourceTree = "<group>"; };
		E176A6EA26EAA668005E0220 /* SceneDelegate.swift */ = {isa = PBXFileReference; lastKnownFileType = sourcecode.swift; path = SceneDelegate.swift; sourceTree = "<group>"; };
		E176A6EF26EAA668005E0220 /* Base */ = {isa = PBXFileReference; lastKnownFileType = file.storyboard; name = Base; path = Base.lproj/Main.storyboard; sourceTree = "<group>"; };
		E176A6F126EAA66F005E0220 /* Assets.xcassets */ = {isa = PBXFileReference; lastKnownFileType = folder.assetcatalog; path = Assets.xcassets; sourceTree = "<group>"; };
		E176A6F426EAA66F005E0220 /* Base */ = {isa = PBXFileReference; lastKnownFileType = file.storyboard; name = Base; path = Base.lproj/LaunchScreen.storyboard; sourceTree = "<group>"; };
		E176A6F626EAA66F005E0220 /* Info.plist */ = {isa = PBXFileReference; lastKnownFileType = text.plist.xml; path = Info.plist; sourceTree = "<group>"; };
		E176A6FC26EAAC5E005E0220 /* CountriesTableViewController.swift */ = {isa = PBXFileReference; lastKnownFileType = sourcecode.swift; path = CountriesTableViewController.swift; sourceTree = "<group>"; };
		E176A70026ED0ADE005E0220 /* ServerData.swift */ = {isa = PBXFileReference; lastKnownFileType = sourcecode.swift; path = ServerData.swift; sourceTree = "<group>"; };
		E176A70226F01D72005E0220 /* Interactor.swift */ = {isa = PBXFileReference; lastKnownFileType = sourcecode.swift; path = Interactor.swift; sourceTree = "<group>"; };
		E176A70426F024FC005E0220 /* Presenter.swift */ = {isa = PBXFileReference; lastKnownFileType = sourcecode.swift; path = Presenter.swift; sourceTree = "<group>"; };
		E176A70626F026B6005E0220 /* Router.swift */ = {isa = PBXFileReference; lastKnownFileType = sourcecode.swift; path = Router.swift; sourceTree = "<group>"; };
/* End PBXFileReference section */

/* Begin PBXFrameworksBuildPhase section */
		E1540C7D270E232400065DB9 /* Frameworks */ = {
			isa = PBXFrameworksBuildPhase;
			buildActionMask = 2147483647;
			files = (
			);
			runOnlyForDeploymentPostprocessing = 0;
		};
		E176A6E226EAA668005E0220 /* Frameworks */ = {
			isa = PBXFrameworksBuildPhase;
			buildActionMask = 2147483647;
			files = (
			);
			runOnlyForDeploymentPostprocessing = 0;
		};
/* End PBXFrameworksBuildPhase section */

/* Begin PBXGroup section */
		E14E60D326F1432800385A2E /* Model */ = {
			isa = PBXGroup;
			children = (
				E176A70026ED0ADE005E0220 /* ServerData.swift */,
				E14E60DA26F2AD0200385A2E /* Post.swift */,
			);
			path = Model;
			sourceTree = "<group>";
		};
		E14E60D426F1433300385A2E /* Interactor */ = {
			isa = PBXGroup;
			children = (
				E176A70226F01D72005E0220 /* Interactor.swift */,
			);
			path = Interactor;
			sourceTree = "<group>";
		};
		E14E60D526F1448C00385A2E /* Presenter */ = {
			isa = PBXGroup;
			children = (
				E176A70426F024FC005E0220 /* Presenter.swift */,
			);
			path = Presenter;
			sourceTree = "<group>";
		};
		E14E60D626F2394800385A2E /* View */ = {
			isa = PBXGroup;
			children = (
				E176A6FC26EAAC5E005E0220 /* CountriesTableViewController.swift */,
			);
			path = View;
			sourceTree = "<group>";
		};
		E14E60D726F2395100385A2E /* Router */ = {
			isa = PBXGroup;
			children = (
				E176A70626F026B6005E0220 /* Router.swift */,
			);
			path = Router;
			sourceTree = "<group>";
		};
		E14E60DC26F2AE7900385A2E /* Network */ = {
			isa = PBXGroup;
			children = (
				E14E60D826F2AAFB00385A2E /* Network.swift */,
			);
			path = Network;
			sourceTree = "<group>";
		};
		E1540C81270E232400065DB9 /* testeDelegatesTests */ = {
			isa = PBXGroup;
			children = (
				E1540C82270E232400065DB9 /* testeDelegatesTests.swift */,
			);
			path = testeDelegatesTests;
			sourceTree = "<group>";
		};
		E176A6DC26EAA668005E0220 = {
			isa = PBXGroup;
			children = (
				E176A6E726EAA668005E0220 /* testeDelegates */,
				E1540C81270E232400065DB9 /* testeDelegatesTests */,
				E176A6E626EAA668005E0220 /* Products */,
			);
			sourceTree = "<group>";
		};
		E176A6E626EAA668005E0220 /* Products */ = {
			isa = PBXGroup;
			children = (
				E176A6E526EAA668005E0220 /* testeDelegates.app */,
				E1540C80270E232400065DB9 /* testeDelegatesTests.xctest */,
			);
			name = Products;
			sourceTree = "<group>";
		};
		E176A6E726EAA668005E0220 /* testeDelegates */ = {
			isa = PBXGroup;
			children = (
				E14E60DC26F2AE7900385A2E /* Network */,
				E14E60D726F2395100385A2E /* Router */,
				E14E60D626F2394800385A2E /* View */,
				E14E60D526F1448C00385A2E /* Presenter */,
				E14E60D426F1433300385A2E /* Interactor */,
				E14E60D326F1432800385A2E /* Model */,
				E176A6E826EAA668005E0220 /* AppDelegate.swift */,
				E176A6EA26EAA668005E0220 /* SceneDelegate.swift */,
				E176A6EE26EAA668005E0220 /* Main.storyboard */,
				E176A6F126EAA66F005E0220 /* Assets.xcassets */,
				E176A6F326EAA66F005E0220 /* LaunchScreen.storyboard */,
				E176A6F626EAA66F005E0220 /* Info.plist */,
			);
			path = testeDelegates;
			sourceTree = "<group>";
		};
/* End PBXGroup section */

/* Begin PBXNativeTarget section */
		E1540C7F270E232400065DB9 /* testeDelegatesTests */ = {
			isa = PBXNativeTarget;
			buildConfigurationList = E1540C88270E232400065DB9 /* Build configuration list for PBXNativeTarget "testeDelegatesTests" */;
			buildPhases = (
				E1540C7C270E232400065DB9 /* Sources */,
				E1540C7D270E232400065DB9 /* Frameworks */,
				E1540C7E270E232400065DB9 /* Resources */,
			);
			buildRules = (
			);
			dependencies = (
				E1540C85270E232400065DB9 /* PBXTargetDependency */,
			);
			name = testeDelegatesTests;
			productName = testeDelegatesTests;
			productReference = E1540C80270E232400065DB9 /* testeDelegatesTests.xctest */;
			productType = "com.apple.product-type.bundle.unit-test";
		};
		E176A6E426EAA668005E0220 /* testeDelegates */ = {
			isa = PBXNativeTarget;
			buildConfigurationList = E176A6F926EAA66F005E0220 /* Build configuration list for PBXNativeTarget "testeDelegates" */;
			buildPhases = (
				E176A6E126EAA668005E0220 /* Sources */,
				E176A6E226EAA668005E0220 /* Frameworks */,
				E176A6E326EAA668005E0220 /* Resources */,
			);
			buildRules = (
			);
			dependencies = (
			);
			name = testeDelegates;
			productName = testeDelegates;
			productReference = E176A6E526EAA668005E0220 /* testeDelegates.app */;
			productType = "com.apple.product-type.application";
		};
/* End PBXNativeTarget section */

/* Begin PBXProject section */
		E176A6DD26EAA668005E0220 /* Project object */ = {
			isa = PBXProject;
			attributes = {
				BuildIndependentTargetsInParallel = 1;
				LastSwiftUpdateCheck = 1300;
				LastUpgradeCheck = 1300;
				TargetAttributes = {
					E1540C7F270E232400065DB9 = {
						CreatedOnToolsVersion = 13.0;
						TestTargetID = E176A6E426EAA668005E0220;
					};
					E176A6E426EAA668005E0220 = {
						CreatedOnToolsVersion = 13.0;
					};
				};
			};
			buildConfigurationList = E176A6E026EAA668005E0220 /* Build configuration list for PBXProject "testeDelegates" */;
			compatibilityVersion = "Xcode 13.0";
			developmentRegion = en;
			hasScannedForEncodings = 0;
			knownRegions = (
				en,
				Base,
			);
			mainGroup = E176A6DC26EAA668005E0220;
			productRefGroup = E176A6E626EAA668005E0220 /* Products */;
			projectDirPath = "";
			projectRoot = "";
			targets = (
				E176A6E426EAA668005E0220 /* testeDelegates */,
				E1540C7F270E232400065DB9 /* testeDelegatesTests */,
			);
		};
/* End PBXProject section */

/* Begin PBXResourcesBuildPhase section */
		E1540C7E270E232400065DB9 /* Resources */ = {
			isa = PBXResourcesBuildPhase;
			buildActionMask = 2147483647;
			files = (
			);
			runOnlyForDeploymentPostprocessing = 0;
		};
		E176A6E326EAA668005E0220 /* Resources */ = {
			isa = PBXResourcesBuildPhase;
			buildActionMask = 2147483647;
			files = (
				E176A6F526EAA66F005E0220 /* LaunchScreen.storyboard in Resources */,
				E176A6F226EAA66F005E0220 /* Assets.xcassets in Resources */,
				E176A6F026EAA668005E0220 /* Main.storyboard in Resources */,
			);
			runOnlyForDeploymentPostprocessing = 0;
		};
/* End PBXResourcesBuildPhase section */

/* Begin PBXSourcesBuildPhase section */
		E1540C7C270E232400065DB9 /* Sources */ = {
			isa = PBXSourcesBuildPhase;
			buildActionMask = 2147483647;
			files = (
				E1540C83270E232400065DB9 /* testeDelegatesTests.swift in Sources */,
			);
			runOnlyForDeploymentPostprocessing = 0;
		};
		E176A6E126EAA668005E0220 /* Sources */ = {
			isa = PBXSourcesBuildPhase;
			buildActionMask = 2147483647;
			files = (
				E14E60D926F2AAFB00385A2E /* Network.swift in Sources */,
				E14E60DB26F2AD0200385A2E /* Post.swift in Sources */,
				E176A70726F026B6005E0220 /* Router.swift in Sources */,
				E176A70326F01D72005E0220 /* Interactor.swift in Sources */,
				E176A70526F024FC005E0220 /* Presenter.swift in Sources */,
				E176A70126ED0ADE005E0220 /* ServerData.swift in Sources */,
				E176A6E926EAA668005E0220 /* AppDelegate.swift in Sources */,
				E176A6FD26EAAC5E005E0220 /* CountriesTableViewController.swift in Sources */,
				E176A6EB26EAA668005E0220 /* SceneDelegate.swift in Sources */,
			);
			runOnlyForDeploymentPostprocessing = 0;
		};
/* End PBXSourcesBuildPhase section */

/* Begin PBXTargetDependency section */
		E1540C85270E232400065DB9 /* PBXTargetDependency */ = {
			isa = PBXTargetDependency;
			target = E176A6E426EAA668005E0220 /* testeDelegates */;
			targetProxy = E1540C84270E232400065DB9 /* PBXContainerItemProxy */;
		};
/* End PBXTargetDependency section */

/* Begin PBXVariantGroup section */
		E176A6EE26EAA668005E0220 /* Main.storyboard */ = {
			isa = PBXVariantGroup;
			children = (
				E176A6EF26EAA668005E0220 /* Base */,
			);
			name = Main.storyboard;
			sourceTree = "<group>";
		};
		E176A6F326EAA66F005E0220 /* LaunchScreen.storyboard */ = {
			isa = PBXVariantGroup;
			children = (
				E176A6F426EAA66F005E0220 /* Base */,
			);
			name = LaunchScreen.storyboard;
			sourceTree = "<group>";
		};
/* End PBXVariantGroup section */

/* Begin XCBuildConfiguration section */
		E1540C86270E232400065DB9 /* Debug */ = {
			isa = XCBuildConfiguration;
			buildSettings = {
				BUNDLE_LOADER = "$(TEST_HOST)";
				CLANG_CXX_LANGUAGE_STANDARD = "gnu++17";
				CODE_SIGN_STYLE = Automatic;
				CURRENT_PROJECT_VERSION = 1;
				DEVELOPMENT_TEAM = 4DLN7FPJ74;
				GENERATE_INFOPLIST_FILE = YES;
				LD_RUNPATH_SEARCH_PATHS = (
					"$(inherited)",
					"@executable_path/Frameworks",
					"@loader_path/Frameworks",
				);
				MARKETING_VERSION = 1.0;
				PRODUCT_BUNDLE_IDENTIFIER = com.rgeiss.testeDelegatesTests;
				PRODUCT_NAME = "$(TARGET_NAME)";
				SWIFT_EMIT_LOC_STRINGS = NO;
				SWIFT_VERSION = 5.0;
				TARGETED_DEVICE_FAMILY = "1,2";
				TEST_HOST = "$(BUILT_PRODUCTS_DIR)/testeDelegates.app/testeDelegates";
			};
			name = Debug;
		};
		E1540C87270E232400065DB9 /* Release */ = {
			isa = XCBuildConfiguration;
			buildSettings = {
				BUNDLE_LOADER = "$(TEST_HOST)";
				CLANG_CXX_LANGUAGE_STANDARD = "gnu++17";
				CODE_SIGN_STYLE = Automatic;
				CURRENT_PROJECT_VERSION = 1;
				DEVELOPMENT_TEAM = 4DLN7FPJ74;
				GENERATE_INFOPLIST_FILE = YES;
				LD_RUNPATH_SEARCH_PATHS = (
					"$(inherited)",
					"@executable_path/Frameworks",
					"@loader_path/Frameworks",
				);
				MARKETING_VERSION = 1.0;
				PRODUCT_BUNDLE_IDENTIFIER = com.rgeiss.testeDelegatesTests;
				PRODUCT_NAME = "$(TARGET_NAME)";
				SWIFT_EMIT_LOC_STRINGS = NO;
				SWIFT_VERSION = 5.0;
				TARGETED_DEVICE_FAMILY = "1,2";
				TEST_HOST = "$(BUILT_PRODUCTS_DIR)/testeDelegates.app/testeDelegates";
			};
			name = Release;
		};
		E176A6F726EAA66F005E0220 /* Debug */ = {
			isa = XCBuildConfiguration;
			buildSettings = {
				ALWAYS_SEARCH_USER_PATHS = NO;
				CLANG_ANALYZER_NONNULL = YES;
				CLANG_ANALYZER_NUMBER_OBJECT_CONVERSION = YES_AGGRESSIVE;
				CLANG_CXX_LANGUAGE_STANDARD = "gnu++14";
				CLANG_CXX_LIBRARY = "libc++";
				CLANG_ENABLE_MODULES = YES;
				CLANG_ENABLE_OBJC_ARC = YES;
				CLANG_ENABLE_OBJC_WEAK = YES;
				CLANG_WARN_BLOCK_CAPTURE_AUTORELEASING = YES;
				CLANG_WARN_BOOL_CONVERSION = YES;
				CLANG_WARN_COMMA = YES;
				CLANG_WARN_CONSTANT_CONVERSION = YES;
				CLANG_WARN_DEPRECATED_OBJC_IMPLEMENTATIONS = YES;
				CLANG_WARN_DIRECT_OBJC_ISA_USAGE = YES_ERROR;
				CLANG_WARN_DOCUMENTATION_COMMENTS = YES;
				CLANG_WARN_EMPTY_BODY = YES;
				CLANG_WARN_ENUM_CONVERSION = YES;
				CLANG_WARN_INFINITE_RECURSION = YES;
				CLANG_WARN_INT_CONVERSION = YES;
				CLANG_WARN_NON_LITERAL_NULL_CONVERSION = YES;
				CLANG_WARN_OBJC_IMPLICIT_RETAIN_SELF = YES;
				CLANG_WARN_OBJC_LITERAL_CONVERSION = YES;
				CLANG_WARN_OBJC_ROOT_CLASS = YES_ERROR;
				CLANG_WARN_QUOTED_INCLUDE_IN_FRAMEWORK_HEADER = YES;
				CLANG_WARN_RANGE_LOOP_ANALYSIS = YES;
				CLANG_WARN_STRICT_PROTOTYPES = YES;
				CLANG_WARN_SUSPICIOUS_MOVE = YES;
				CLANG_WARN_UNGUARDED_AVAILABILITY = YES_AGGRESSIVE;
				CLANG_WARN_UNREACHABLE_CODE = YES;
				CLANG_WARN__DUPLICATE_METHOD_MATCH = YES;
				COPY_PHASE_STRIP = NO;
				DEBUG_INFORMATION_FORMAT = dwarf;
				ENABLE_STRICT_OBJC_MSGSEND = YES;
				ENABLE_TESTABILITY = YES;
				GCC_C_LANGUAGE_STANDARD = gnu11;
				GCC_DYNAMIC_NO_PIC = NO;
				GCC_NO_COMMON_BLOCKS = YES;
				GCC_OPTIMIZATION_LEVEL = 0;
				GCC_PREPROCESSOR_DEFINITIONS = (
					"DEBUG=1",
					"$(inherited)",
				);
				GCC_WARN_64_TO_32_BIT_CONVERSION = YES;
				GCC_WARN_ABOUT_RETURN_TYPE = YES_ERROR;
				GCC_WARN_UNDECLARED_SELECTOR = YES;
				GCC_WARN_UNINITIALIZED_AUTOS = YES_AGGRESSIVE;
				GCC_WARN_UNUSED_FUNCTION = YES;
				GCC_WARN_UNUSED_VARIABLE = YES;
				IPHONEOS_DEPLOYMENT_TARGET = 15.0;
				MTL_ENABLE_DEBUG_INFO = INCLUDE_SOURCE;
				MTL_FAST_MATH = YES;
				ONLY_ACTIVE_ARCH = YES;
				SDKROOT = iphoneos;
				SWIFT_ACTIVE_COMPILATION_CONDITIONS = DEBUG;
				SWIFT_OPTIMIZATION_LEVEL = "-Onone";
			};
			name = Debug;
		};
		E176A6F826EAA66F005E0220 /* Release */ = {
			isa = XCBuildConfiguration;
			buildSettings = {
				ALWAYS_SEARCH_USER_PATHS = NO;
				CLANG_ANALYZER_NONNULL = YES;
				CLANG_ANALYZER_NUMBER_OBJECT_CONVERSION = YES_AGGRESSIVE;
				CLANG_CXX_LANGUAGE_STANDARD = "gnu++14";
				CLANG_CXX_LIBRARY = "libc++";
				CLANG_ENABLE_MODULES = YES;
				CLANG_ENABLE_OBJC_ARC = YES;
				CLANG_ENABLE_OBJC_WEAK = YES;
				CLANG_WARN_BLOCK_CAPTURE_AUTORELEASING = YES;
				CLANG_WARN_BOOL_CONVERSION = YES;
				CLANG_WARN_COMMA = YES;
				CLANG_WARN_CONSTANT_CONVERSION = YES;
				CLANG_WARN_DEPRECATED_OBJC_IMPLEMENTATIONS = YES;
				CLANG_WARN_DIRECT_OBJC_ISA_USAGE = YES_ERROR;
				CLANG_WARN_DOCUMENTATION_COMMENTS = YES;
				CLANG_WARN_EMPTY_BODY = YES;
				CLANG_WARN_ENUM_CONVERSION = YES;
				CLANG_WARN_INFINITE_RECURSION = YES;
				CLANG_WARN_INT_CONVERSION = YES;
				CLANG_WARN_NON_LITERAL_NULL_CONVERSION = YES;
				CLANG_WARN_OBJC_IMPLICIT_RETAIN_SELF = YES;
				CLANG_WARN_OBJC_LITERAL_CONVERSION = YES;
				CLANG_WARN_OBJC_ROOT_CLASS = YES_ERROR;
				CLANG_WARN_QUOTED_INCLUDE_IN_FRAMEWORK_HEADER = YES;
				CLANG_WARN_RANGE_LOOP_ANALYSIS = YES;
				CLANG_WARN_STRICT_PROTOTYPES = YES;
				CLANG_WARN_SUSPICIOUS_MOVE = YES;
				CLANG_WARN_UNGUARDED_AVAILABILITY = YES_AGGRESSIVE;
				CLANG_WARN_UNREACHABLE_CODE = YES;
				CLANG_WARN__DUPLICATE_METHOD_MATCH = YES;
				COPY_PHASE_STRIP = NO;
				DEBUG_INFORMATION_FORMAT = "dwarf-with-dsym";
				ENABLE_NS_ASSERTIONS = NO;
				ENABLE_STRICT_OBJC_MSGSEND = YES;
				GCC_C_LANGUAGE_STANDARD = gnu11;
				GCC_NO_COMMON_BLOCKS = YES;
				GCC_WARN_64_TO_32_BIT_CONVERSION = YES;
				GCC_WARN_ABOUT_RETURN_TYPE = YES_ERROR;
				GCC_WARN_UNDECLARED_SELECTOR = YES;
				GCC_WARN_UNINITIALIZED_AUTOS = YES_AGGRESSIVE;
				GCC_WARN_UNUSED_FUNCTION = YES;
				GCC_WARN_UNUSED_VARIABLE = YES;
				IPHONEOS_DEPLOYMENT_TARGET = 15.0;
				MTL_ENABLE_DEBUG_INFO = NO;
				MTL_FAST_MATH = YES;
				SDKROOT = iphoneos;
				SWIFT_COMPILATION_MODE = wholemodule;
				SWIFT_OPTIMIZATION_LEVEL = "-O";
				VALIDATE_PRODUCT = YES;
			};
			name = Release;
		};
		E176A6FA26EAA66F005E0220 /* Debug */ = {
			isa = XCBuildConfiguration;
			buildSettings = {
				ASSETCATALOG_COMPILER_APPICON_NAME = AppIcon;
				ASSETCATALOG_COMPILER_GLOBAL_ACCENT_COLOR_NAME = AccentColor;
				CODE_SIGN_STYLE = Automatic;
				CURRENT_PROJECT_VERSION = 1;
				DEVELOPMENT_TEAM = 4DLN7FPJ74;
				GENERATE_INFOPLIST_FILE = YES;
				INFOPLIST_FILE = testeDelegates/Info.plist;
				INFOPLIST_KEY_UIApplicationSupportsIndirectInputEvents = YES;
				INFOPLIST_KEY_UILaunchStoryboardName = LaunchScreen;
				INFOPLIST_KEY_UIMainStoryboardFile = Main;
				INFOPLIST_KEY_UISupportedInterfaceOrientations_iPad = "UIInterfaceOrientationPortrait UIInterfaceOrientationPortraitUpsideDown UIInterfaceOrientationLandscapeLeft UIInterfaceOrientationLandscapeRight";
				INFOPLIST_KEY_UISupportedInterfaceOrientations_iPhone = "UIInterfaceOrientationPortrait UIInterfaceOrientationLandscapeLeft UIInterfaceOrientationLandscapeRight";
				LD_RUNPATH_SEARCH_PATHS = (
					"$(inherited)",
					"@executable_path/Frameworks",
				);
				MARKETING_VERSION = 1.0;
				PRODUCT_BUNDLE_IDENTIFIER = com.geiss.roberto.testeDelegates;
				PRODUCT_NAME = "$(TARGET_NAME)";
				SWIFT_EMIT_LOC_STRINGS = YES;
				SWIFT_VERSION = 5.0;
				TARGETED_DEVICE_FAMILY = "1,2";
			};
			name = Debug;
		};
		E176A6FB26EAA66F005E0220 /* Release */ = {
			isa = XCBuildConfiguration;
			buildSettings = {
				ASSETCATALOG_COMPILER_APPICON_NAME = AppIcon;
				ASSETCATALOG_COMPILER_GLOBAL_ACCENT_COLOR_NAME = AccentColor;
				CODE_SIGN_STYLE = Automatic;
				CURRENT_PROJECT_VERSION = 1;
				DEVELOPMENT_TEAM = 4DLN7FPJ74;
				GENERATE_INFOPLIST_FILE = YES;
				INFOPLIST_FILE = testeDelegates/Info.plist;
				INFOPLIST_KEY_UIApplicationSupportsIndirectInputEvents = YES;
				INFOPLIST_KEY_UILaunchStoryboardName = LaunchScreen;
				INFOPLIST_KEY_UIMainStoryboardFile = Main;
				INFOPLIST_KEY_UISupportedInterfaceOrientations_iPad = "UIInterfaceOrientationPortrait UIInterfaceOrientationPortraitUpsideDown UIInterfaceOrientationLandscapeLeft UIInterfaceOrientationLandscapeRight";
				INFOPLIST_KEY_UISupportedInterfaceOrientations_iPhone = "UIInterfaceOrientationPortrait UIInterfaceOrientationLandscapeLeft UIInterfaceOrientationLandscapeRight";
				LD_RUNPATH_SEARCH_PATHS = (
					"$(inherited)",
					"@executable_path/Frameworks",
				);
				MARKETING_VERSION = 1.0;
				PRODUCT_BUNDLE_IDENTIFIER = com.geiss.roberto.testeDelegates;
				PRODUCT_NAME = "$(TARGET_NAME)";
				SWIFT_EMIT_LOC_STRINGS = YES;
				SWIFT_VERSION = 5.0;
				TARGETED_DEVICE_FAMILY = "1,2";
			};
			name = Release;
		};
/* End XCBuildConfiguration section */

/* Begin XCConfigurationList section */
		E1540C88270E232400065DB9 /* Build configuration list for PBXNativeTarget "testeDelegatesTests" */ = {
			isa = XCConfigurationList;
			buildConfigurations = (
				E1540C86270E232400065DB9 /* Debug */,
				E1540C87270E232400065DB9 /* Release */,
			);
			defaultConfigurationIsVisible = 0;
			defaultConfigurationName = Release;
		};
		E176A6E026EAA668005E0220 /* Build configuration list for PBXProject "testeDelegates" */ = {
			isa = XCConfigurationList;
			buildConfigurations = (
				E176A6F726EAA66F005E0220 /* Debug */,
				E176A6F826EAA66F005E0220 /* Release */,
			);
			defaultConfigurationIsVisible = 0;
			defaultConfigurationName = Release;
		};
		E176A6F926EAA66F005E0220 /* Build configuration list for PBXNativeTarget "testeDelegates" */ = {
			isa = XCConfigurationList;
			buildConfigurations = (
				E176A6FA26EAA66F005E0220 /* Debug */,
				E176A6FB26EAA66F005E0220 /* Release */,
			);
			defaultConfigurationIsVisible = 0;
			defaultConfigurationName = Release;
		};
/* End XCConfigurationList section */
	};
	rootObject = E176A6DD26EAA668005E0220 /* Project object */;
}
